{
  "requires": true,
  "lockfileVersion": 1,
  "dependencies": {
    "@microsoft/load-themed-styles": {
      "version": "1.9.19",
      "resolved": "https://registry.npmjs.org/@microsoft/load-themed-styles/-/load-themed-styles-1.9.19.tgz",
      "integrity": "sha512-t4jHLmQtL9ORfGlAXOAIBJlsCa9QfhNhTbL4TrnsbNJ55HS6SLUULbwvbJTwmw+D9WGuM8d+HpkkkpM5N3T6IA=="
    },
    "@uifabric/foundation": {
      "version": "7.0.4",
      "resolved": "https://registry.npmjs.org/@uifabric/foundation/-/foundation-7.0.4.tgz",
      "integrity": "sha512-BFJaQpxv542ShjeQd8tssFgf3v2MCVRrtGRsCeH739xVJugxqVEyE51xDp4U3E1qwo6GTSscKteKam0KZWBEUQ==",
      "requires": {
        "@uifabric/set-version": "^7.0.2",
        "@uifabric/styling": "^7.6.1",
        "@uifabric/utilities": "^7.0.8",
        "tslib": "^1.7.1"
      }
    },
    "@uifabric/icons": {
      "version": "7.1.2",
      "resolved": "https://registry.npmjs.org/@uifabric/icons/-/icons-7.1.2.tgz",
      "integrity": "sha512-ThYaeLXlB2nu6HAOfpDJUYRAcYKgSDrX6XFP7KOztk6pLlwQvhAPkK5bNULhWKyx+kg62mrtsP0+P9R+WCIJiQ==",
      "requires": {
        "@uifabric/set-version": "^7.0.2",
        "@uifabric/styling": "^7.6.1",
        "tslib": "^1.7.1"
      }
    },
    "@uifabric/merge-styles": {
      "version": "7.4.1",
      "resolved": "https://registry.npmjs.org/@uifabric/merge-styles/-/merge-styles-7.4.1.tgz",
      "integrity": "sha512-+wbek0NprLzJ8g8j064q6zmPYmbwQKxxV0riRJVXAfQBZma/Le43Vdsxl/FOsm0j7NBdIQh8Adti2BH/6C9j2Q==",
      "requires": {
        "@uifabric/set-version": "^7.0.2",
        "tslib": "^1.7.1"
      }
    },
    "@uifabric/set-version": {
      "version": "7.0.2",
      "resolved": "https://registry.npmjs.org/@uifabric/set-version/-/set-version-7.0.2.tgz",
      "integrity": "sha512-3mQp7gqPOqphwX74j+N/lJEFeivKPv8ryY9QFXUxVPnrXNwpIkDW9Wk6CPqArzgGvQngRRKYD/PcyP5iuHN52A==",
      "requires": {
        "tslib": "^1.7.1"
      }
    },
    "@uifabric/styling": {
      "version": "7.6.1",
      "resolved": "https://registry.npmjs.org/@uifabric/styling/-/styling-7.6.1.tgz",
      "integrity": "sha512-37rl+y27zcyEaTuyOgkzgmkjK8uuXNICOWi0J0hd5fCwkKZyCcQGkeji87zNDUYgLoks63V8Eg9F96eRbuiWLA==",
      "requires": {
        "@microsoft/load-themed-styles": "^1.7.13",
        "@uifabric/merge-styles": "^7.4.1",
        "@uifabric/set-version": "^7.0.2",
        "@uifabric/utilities": "^7.0.8",
        "tslib": "^1.7.1"
      }
    },
    "@uifabric/utilities": {
      "version": "7.0.8",
      "resolved": "https://registry.npmjs.org/@uifabric/utilities/-/utilities-7.0.8.tgz",
      "integrity": "sha512-hSaWlsdr0n2E01aYPVGc9TzWd9CWnDA3xNTa/h67cej6G3vBDufR1o5MBc02Q3UFYSS+3lef3mXMXq5Xpzdrjg==",
      "requires": {
        "@uifabric/merge-styles": "^7.4.1",
        "@uifabric/set-version": "^7.0.2",
        "prop-types": "^15.5.10",
        "tslib": "^1.7.1"
      }
    },
    "js-tokens": {
      "version": "4.0.0",
      "resolved": "https://registry.npmjs.org/js-tokens/-/js-tokens-4.0.0.tgz",
      "integrity": "sha512-RdJUflcE3cUzKiMqQgsCu06FPu9UdIJO0beYbPhHN4k6apgJtifcoCtT9bcxOpYBtpD2kCM6Sbzg4CausW/PKQ=="
    },
    "loose-envify": {
      "version": "1.4.0",
      "resolved": "https://registry.npmjs.org/loose-envify/-/loose-envify-1.4.0.tgz",
      "integrity": "sha512-lyuxPGr/Wfhrlem2CL/UcnUc1zcqKAImBDzukY7Y5F/yQiNdko6+fRLevlw1HgMySw7f611UIY408EtxRSoK3Q==",
      "requires": {
        "js-tokens": "^3.0.0 || ^4.0.0"
      }
    },
    "object-assign": {
      "version": "4.1.1",
      "resolved": "https://registry.npmjs.org/object-assign/-/object-assign-4.1.1.tgz",
      "integrity": "sha1-IQmtx5ZYh8/AXLvUQsrIv7s2CGM="
    },
    "office-ui-fabric-react": {
      "version": "7.27.1",
      "resolved": "https://registry.npmjs.org/office-ui-fabric-react/-/office-ui-fabric-react-7.27.1.tgz",
      "integrity": "sha512-VmsleTJ9cP8SJoh9HDK/ej30X1ewcoauozGcpy5LPfjdZZzq6aS8IGcCPfzqmSK5oMoEjXa3dE2pn5x45WT3Ew==",
      "requires": {
        "@microsoft/load-themed-styles": "^1.7.13",
        "@uifabric/foundation": "^7.0.4",
        "@uifabric/icons": "^7.1.2",
        "@uifabric/merge-styles": "^7.4.1",
        "@uifabric/set-version": "^7.0.2",
        "@uifabric/styling": "^7.6.1",
        "@uifabric/utilities": "^7.0.8",
        "prop-types": "^15.5.10",
        "tslib": "^1.7.1"
      }
    },
    "prop-types": {
      "version": "15.7.2",
      "resolved": "https://registry.npmjs.org/prop-types/-/prop-types-15.7.2.tgz",
      "integrity": "sha512-8QQikdH7//R2vurIJSutZ1smHYTcLpRWEOlHnzcWHmBYrOGUysKwSsrC89BCiFj3CbrfJ/nXFdJepOVrY1GCHQ==",
      "requires": {
        "loose-envify": "^1.4.0",
        "object-assign": "^4.1.1",
        "react-is": "^16.8.1"
      }
    },
    "react-is": {
      "version": "16.9.0",
      "resolved": "https://registry.npmjs.org/react-is/-/react-is-16.9.0.tgz",
      "integrity": "sha512-tJBzzzIgnnRfEm046qRcURvwQnZVXmuCbscxUO5RWrGTXpon2d4c8mI0D8WE6ydVIm29JiLB6+RslkIvym9Rjw=="
    },
    "tslib": {
      "version": "1.10.0",
      "resolved": "https://registry.npmjs.org/tslib/-/tslib-1.10.0.tgz",
      "integrity": "sha512-qOebF53frne81cf0S9B41ByenJ3/IuH8yJKngAX35CmiZySA0khhkovshKK+jGCaMnVomla7gVlIcc3EvKPbTQ=="
    }
  }
}
